
Microsoft Visual Studio Solution File, Format Version 12.00
# Visual Studio 14
VisualStudioVersion = 14.0.25420.1
MinimumVisualStudioVersion = 10.0.40219.1
Project("{FAE04EC0-301F-11D3-BF4B-00C04F79EFBC}") = "MasonryJsTest", "MasonryJsTest\MasonryJsTest.csproj", "{5BFD9472-A20B-4C6A-A973-F0866A076DCB}"
EndProject
Project("{FAE04EC0-301F-11D3-BF4B-00C04F79EFBC}") = "BootstrapTable", "BootstrapTable\BootstrapTable.csproj", "{C97067AE-5E69-4C3F-9064-12196CF8762B}"
EndProject
Project("{FAE04EC0-301F-11D3-BF4B-00C04F79EFBC}") = "GetPcMessage", "GetPcMessage\GetPcMessage.csproj", "{7537AC27-1871-4FB9-B18B-F1A2783AC55C}"
EndProject
Global
	GlobalSection(SolutionConfigurationPlatforms) = preSolution
		Debug|Any CPU = Debug|Any CPU
		Release|Any CPU = Release|Any CPU
	EndGlobalSection
	GlobalSection(ProjectConfigurationPlatforms) = postSolution
		{5BFD9472-A20B-4C6A-A973-F0866A076DCB}.Debug|Any CPU.ActiveCfg = Debug|Any CPU
		{5BFD9472-A20B-4C6A-A973-F0866A076DCB}.Debug|Any CPU.Build.0 = Debug|Any CPU
		{5BFD9472-A20B-4C6A-A973-F0866A076DCB}.Release|Any CPU.ActiveCfg = Release|Any CPU
		{5BFD9472-A20B-4C6A-A973-F0866A076DCB}.Release|Any CPU.Build.0 = Release|Any CPU
		{C97067AE-5E69-4C3F-9064-12196CF8762B}.Debug|Any CPU.ActiveCfg = Debug|Any CPU
		{C97067AE-5E69-4C3F-9064-12196CF8762B}.Debug|Any CPU.Build.0 = Debug|Any CPU
		{C97067AE-5E69-4C3F-9064-12196CF8762B}.Release|Any CPU.ActiveCfg = Release|Any CPU
		{C97067AE-5E69-4C3F-9064-12196CF8762B}.Release|Any CPU.Build.0 = Release|Any CPU
		{7537AC27-1871-4FB9-B18B-F1A2783AC55C}.Debug|Any CPU.ActiveCfg = Debug|Any CPU
		{7537AC27-1871-4FB9-B18B-F1A2783AC55C}.Debug|Any CPU.Build.0 = Debug|Any CPU
		{7537AC27-1871-4FB9-B18B-F1A2783AC55C}.Release|Any CPU.ActiveCfg = Release|Any CPU
		{7537AC27-1871-4FB9-B18B-F1A2783AC55C}.Release|Any CPU.Build.0 = Release|Any CPU
	EndGlobalSection
	GlobalSection(SolutionProperties) = preSolution
		HideSolutionNode = FALSE
	EndGlobalSection
EndGlobal
